
Microsoft Visual Studio Solution File, Format Version 12.00
# Visual Studio Version 16
VisualStudioVersion = 16.0.29519.87
MinimumVisualStudioVersion = 10.0.40219.1
Project("{FAE04EC0-301F-11D3-BF4B-00C04F79EFBC}") = "OOP Exam S00200536", "OOP Exam S00200536\OOP Exam S00200536.csproj", "{5A15D03C-8B69-42B1-8829-4F4E0D3BDCB1}"
EndProject
Global
	GlobalSection(SolutionConfigurationPlatforms) = preSolution
		Debug|Any CPU = Debug|Any CPU
		Release|Any CPU = Release|Any CPU
	EndGlobalSection
	GlobalSection(ProjectConfigurationPlatforms) = postSolution
		{5A15D03C-8B69-42B1-8829-4F4E0D3BDCB1}.Debug|Any CPU.ActiveCfg = Debug|Any CPU
		{5A15D03C-8B69-42B1-8829-4F4E0D3BDCB1}.Debug|Any CPU.Build.0 = Debug|Any CPU
		{5A15D03C-8B69-42B1-8829-4F4E0D3BDCB1}.Release|Any CPU.ActiveCfg = Release|Any CPU
		{5A15D03C-8B69-42B1-8829-4F4E0D3BDCB1}.Release|Any CPU.Build.0 = Release|Any CPU
	EndGlobalSection
	GlobalSection(SolutionProperties) = preSolution
		HideSolutionNode = FALSE
	EndGlobalSection
	GlobalSection(ExtensibilityGlobals) = postSolution
		SolutionGuid = {749BDEBF-2FDD-4159-A89B-DA74127BFE1B}
	EndGlobalSection
EndGlobal
